// !$*UTF8*$!
{
	archiveVersion = 1;
	classes = {
	};
	objectVersion = 46;
	objects = {

/* Begin PBXBuildFile section */
		4B31C4811E6EBACA005685D6 /* AppDelegate.swift in Sources */ = {isa = PBXBuildFile; fileRef = 4B31C4801E6EBACA005685D6 /* AppDelegate.swift */; };
		4B31C4831E6EBACA005685D6 /* ViewController.swift in Sources */ = {isa = PBXBuildFile; fileRef = 4B31C4821E6EBACA005685D6 /* ViewController.swift */; };
		4B31C4861E6EBACA005685D6 /* Main.storyboard in Resources */ = {isa = PBXBuildFile; fileRef = 4B31C4841E6EBACA005685D6 /* Main.storyboard */; };
		4B31C4881E6EBACA005685D6 /* Assets.xcassets in Resources */ = {isa = PBXBuildFile; fileRef = 4B31C4871E6EBACA005685D6 /* Assets.xcassets */; };
		4B31C48B1E6EBACA005685D6 /* LaunchScreen.storyboard in Resources */ = {isa = PBXBuildFile; fileRef = 4B31C4891E6EBACA005685D6 /* LaunchScreen.storyboard */; };
		4B31C4961E6EBACA005685D6 /* SwiftyBeaver_DemoTests.swift in Sources */ = {isa = PBXBuildFile; fileRef = 4B31C4951E6EBACA005685D6 /* SwiftyBeaver_DemoTests.swift */; };
		4B31C4A11E6EBACA005685D6 /* SwiftyBeaver_DemoUITests.swift in Sources */ = {isa = PBXBuildFile; fileRef = 4B31C4A01E6EBACA005685D6 /* SwiftyBeaver_DemoUITests.swift */; };
		B14302C180163AD0F342F83E /* Pods_SwiftyBeaver_Demo.framework in Frameworks */ = {isa = PBXBuildFile; fileRef = 1C0AB7AA47BD83D22965C095 /* Pods_SwiftyBeaver_Demo.framework */; };
/* End PBXBuildFile section */

/* Begin PBXContainerItemProxy section */
		4B31C4921E6EBACA005685D6 /* PBXContainerItemProxy */ = {
			isa = PBXContainerItemProxy;
			containerPortal = 4B31C4751E6EBACA005685D6 /* Project object */;
			proxyType = 1;
			remoteGlobalIDString = 4B31C47C1E6EBACA005685D6;
			remoteInfo = SwiftyBeaver_Demo;
		};
		4B31C49D1E6EBACA005685D6 /* PBXContainerItemProxy */ = {
			isa = PBXContainerItemProxy;
			containerPortal = 4B31C4751E6EBACA005685D6 /* Project object */;
			proxyType = 1;
			remoteGlobalIDString = 4B31C47C1E6EBACA005685D6;
			remoteInfo = SwiftyBeaver_Demo;
		};
/* End PBXContainerItemProxy section */

/* Begin PBXFileReference section */
		1C0AB7AA47BD83D22965C095 /* Pods_SwiftyBeaver_Demo.framework */ = {isa = PBXFileReference; explicitFileType = wrapper.framework; includeInIndex = 0; path = Pods_SwiftyBeaver_Demo.framework; sourceTree = BUILT_PRODUCTS_DIR; };
		4B31C47D1E6EBACA005685D6 /* SwiftyBeaver_Demo.app */ = {isa = PBXFileReference; explicitFileType = wrapper.application; includeInIndex = 0; path = SwiftyBeaver_Demo.app; sourceTree = BUILT_PRODUCTS_DIR; };
		4B31C4801E6EBACA005685D6 /* AppDelegate.swift */ = {isa = PBXFileReference; lastKnownFileType = sourcecode.swift; path = AppDelegate.swift; sourceTree = "<group>"; };
		4B31C4821E6EBACA005685D6 /* ViewController.swift */ = {isa = PBXFileReference; lastKnownFileType = sourcecode.swift; path = ViewController.swift; sourceTree = "<group>"; };
		4B31C4851E6EBACA005685D6 /* Base */ = {isa = PBXFileReference; lastKnownFileType = file.storyboard; name = Base; path = Base.lproj/Main.storyboard; sourceTree = "<group>"; };
		4B31C4871E6EBACA005685D6 /* Assets.xcassets */ = {isa = PBXFileReference; lastKnownFileType = folder.assetcatalog; path = Assets.xcassets; sourceTree = "<group>"; };
		4B31C48A1E6EBACA005685D6 /* Base */ = {isa = PBXFileReference; lastKnownFileType = file.storyboard; name = Base; path = Base.lproj/LaunchScreen.storyboard; sourceTree = "<group>"; };
		4B31C48C1E6EBACA005685D6 /* Info.plist */ = {isa = PBXFileReference; lastKnownFileType = text.plist.xml; path = Info.plist; sourceTree = "<group>"; };
		4B31C4911E6EBACA005685D6 /* SwiftyBeaver_DemoTests.xctest */ = {isa = PBXFileReference; explicitFileType = wrapper.cfbundle; includeInIndex = 0; path = SwiftyBeaver_DemoTests.xctest; sourceTree = BUILT_PRODUCTS_DIR; };
		4B31C4951E6EBACA005685D6 /* SwiftyBeaver_DemoTests.swift */ = {isa = PBXFileReference; lastKnownFileType = sourcecode.swift; path = SwiftyBeaver_DemoTests.swift; sourceTree = "<group>"; };
		4B31C4971E6EBACA005685D6 /* Info.plist */ = {isa = PBXFileReference; lastKnownFileType = text.plist.xml; path = Info.plist; sourceTree = "<group>"; };
		4B31C49C1E6EBACA005685D6 /* SwiftyBeaver_DemoUITests.xctest */ = {isa = PBXFileReference; explicitFileType = wrapper.cfbundle; includeInIndex = 0; path = SwiftyBeaver_DemoUITests.xctest; sourceTree = BUILT_PRODUCTS_DIR; };
		4B31C4A01E6EBACA005685D6 /* SwiftyBeaver_DemoUITests.swift */ = {isa = PBXFileReference; lastKnownFileType = sourcecode.swift; path = SwiftyBeaver_DemoUITests.swift; sourceTree = "<group>"; };
		4B31C4A21E6EBACA005685D6 /* Info.plist */ = {isa = PBXFileReference; lastKnownFileType = text.plist.xml; path = Info.plist; sourceTree = "<group>"; };
		93C1BF7AA9F392ECE1482CC7 /* Pods-SwiftyBeaver_Demo.debug.xcconfig */ = {isa = PBXFileReference; includeInIndex = 1; lastKnownFileType = text.xcconfig; name = "Pods-SwiftyBeaver_Demo.debug.xcconfig"; path = "Pods/Target Support Files/Pods-SwiftyBeaver_Demo/Pods-SwiftyBeaver_Demo.debug.xcconfig"; sourceTree = "<group>"; };
		E9B2F3E1B424C37F44A6252F /* Pods-SwiftyBeaver_Demo.release.xcconfig */ = {isa = PBXFileReference; includeInIndex = 1; lastKnownFileType = text.xcconfig; name = "Pods-SwiftyBeaver_Demo.release.xcconfig"; path = "Pods/Target Support Files/Pods-SwiftyBeaver_Demo/Pods-SwiftyBeaver_Demo.release.xcconfig"; sourceTree = "<group>"; };
/* End PBXFileReference section */

/* Begin PBXFrameworksBuildPhase section */
		4B31C47A1E6EBACA005685D6 /* Frameworks */ = {
			isa = PBXFrameworksBuildPhase;
			buildActionMask = 2147483647;
			files = (
				B14302C180163AD0F342F83E /* Pods_SwiftyBeaver_Demo.framework in Frameworks */,
			);
			runOnlyForDeploymentPostprocessing = 0;
		};
		4B31C48E1E6EBACA005685D6 /* Frameworks */ = {
			isa = PBXFrameworksBuildPhase;
			buildActionMask = 2147483647;
			files = (
			);
			runOnlyForDeploymentPostprocessing = 0;
		};
		4B31C4991E6EBACA005685D6 /* Frameworks */ = {
			isa = PBXFrameworksBuildPhase;
			buildActionMask = 2147483647;
			files = (
			);
			runOnlyForDeploymentPostprocessing = 0;
		};
/* End PBXFrameworksBuildPhase section */

/* Begin PBXGroup section */
		4B31C4741E6EBACA005685D6 = {
			isa = PBXGroup;
			children = (
				4B31C47F1E6EBACA005685D6 /* SwiftyBeaver_Demo */,
				4B31C4941E6EBACA005685D6 /* SwiftyBeaver_DemoTests */,
				4B31C49F1E6EBACA005685D6 /* SwiftyBeaver_DemoUITests */,
				4B31C47E1E6EBACA005685D6 /* Products */,
				5FA85DF15C6BA74BC3B89E4D /* Pods */,
				E6FF625C9DBF818BE9B7EC19 /* Frameworks */,
			);
			sourceTree = "<group>";
		};
		4B31C47E1E6EBACA005685D6 /* Products */ = {
			isa = PBXGroup;
			children = (
				4B31C47D1E6EBACA005685D6 /* SwiftyBeaver_Demo.app */,
				4B31C4911E6EBACA005685D6 /* SwiftyBeaver_DemoTests.xctest */,
				4B31C49C1E6EBACA005685D6 /* SwiftyBeaver_DemoUITests.xctest */,
			);
			name = Products;
			sourceTree = "<group>";
		};
		4B31C47F1E6EBACA005685D6 /* SwiftyBeaver_Demo */ = {
			isa = PBXGroup;
			children = (
				4B31C4801E6EBACA005685D6 /* AppDelegate.swift */,
				4B31C4821E6EBACA005685D6 /* ViewController.swift */,
				4B31C4841E6EBACA005685D6 /* Main.storyboard */,
				4B31C4871E6EBACA005685D6 /* Assets.xcassets */,
				4B31C4891E6EBACA005685D6 /* LaunchScreen.storyboard */,
				4B31C48C1E6EBACA005685D6 /* Info.plist */,
			);
			path = SwiftyBeaver_Demo;
			sourceTree = "<group>";
		};
		4B31C4941E6EBACA005685D6 /* SwiftyBeaver_DemoTests */ = {
			isa = PBXGroup;
			children = (
				4B31C4951E6EBACA005685D6 /* SwiftyBeaver_DemoTests.swift */,
				4B31C4971E6EBACA005685D6 /* Info.plist */,
			);
			path = SwiftyBeaver_DemoTests;
			sourceTree = "<group>";
		};
		4B31C49F1E6EBACA005685D6 /* SwiftyBeaver_DemoUITests */ = {
			isa = PBXGroup;
			children = (
				4B31C4A01E6EBACA005685D6 /* SwiftyBeaver_DemoUITests.swift */,
				4B31C4A21E6EBACA005685D6 /* Info.plist */,
			);
			path = SwiftyBeaver_DemoUITests;
			sourceTree = "<group>";
		};
		5FA85DF15C6BA74BC3B89E4D /* Pods */ = {
			isa = PBXGroup;
			children = (
				93C1BF7AA9F392ECE1482CC7 /* Pods-SwiftyBeaver_Demo.debug.xcconfig */,
				E9B2F3E1B424C37F44A6252F /* Pods-SwiftyBeaver_Demo.release.xcconfig */,
			);
			name = Pods;
			sourceTree = "<group>";
		};
		E6FF625C9DBF818BE9B7EC19 /* Frameworks */ = {
			isa = PBXGroup;
			children = (
				1C0AB7AA47BD83D22965C095 /* Pods_SwiftyBeaver_Demo.framework */,
			);
			name = Frameworks;
			sourceTree = "<group>";
		};
/* End PBXGroup section */

/* Begin PBXNativeTarget section */
		4B31C47C1E6EBACA005685D6 /* SwiftyBeaver_Demo */ = {
			isa = PBXNativeTarget;
			buildConfigurationList = 4B31C4A51E6EBACA005685D6 /* Build configuration list for PBXNativeTarget "SwiftyBeaver_Demo" */;
			buildPhases = (
				E8B144E1113CFF3D7B05612B /* [CP] Check Pods Manifest.lock */,
				4B31C4791E6EBACA005685D6 /* Sources */,
				4B31C47A1E6EBACA005685D6 /* Frameworks */,
				4B31C47B1E6EBACA005685D6 /* Resources */,
				5C5A173EFA5668FCB86BA025 /* [CP] Embed Pods Frameworks */,
				0CC3F7173B89C424E0C7E88C /* [CP] Copy Pods Resources */,
			);
			buildRules = (
			);
			dependencies = (
			);
			name = SwiftyBeaver_Demo;
			productName = SwiftyBeaver_Demo;
			productReference = 4B31C47D1E6EBACA005685D6 /* SwiftyBeaver_Demo.app */;
			productType = "com.apple.product-type.application";
		};
		4B31C4901E6EBACA005685D6 /* SwiftyBeaver_DemoTests */ = {
			isa = PBXNativeTarget;
			buildConfigurationList = 4B31C4A81E6EBACA005685D6 /* Build configuration list for PBXNativeTarget "SwiftyBeaver_DemoTests" */;
			buildPhases = (
				4B31C48D1E6EBACA005685D6 /* Sources */,
				4B31C48E1E6EBACA005685D6 /* Frameworks */,
				4B31C48F1E6EBACA005685D6 /* Resources */,
			);
			buildRules = (
			);
			dependencies = (
				4B31C4931E6EBACA005685D6 /* PBXTargetDependency */,
			);
			name = SwiftyBeaver_DemoTests;
			productName = SwiftyBeaver_DemoTests;
			productReference = 4B31C4911E6EBACA005685D6 /* SwiftyBeaver_DemoTests.xctest */;
			productType = "com.apple.product-type.bundle.unit-test";
		};
		4B31C49B1E6EBACA005685D6 /* SwiftyBeaver_DemoUITests */ = {
			isa = PBXNativeTarget;
			buildConfigurationList = 4B31C4AB1E6EBACA005685D6 /* Build configuration list for PBXNativeTarget "SwiftyBeaver_DemoUITests" */;
			buildPhases = (
				4B31C4981E6EBACA005685D6 /* Sources */,
				4B31C4991E6EBACA005685D6 /* Frameworks */,
				4B31C49A1E6EBACA005685D6 /* Resources */,
			);
			buildRules = (
			);
			dependencies = (
				4B31C49E1E6EBACA005685D6 /* PBXTargetDependency */,
			);
			name = SwiftyBeaver_DemoUITests;
			productName = SwiftyBeaver_DemoUITests;
			productReference = 4B31C49C1E6EBACA005685D6 /* SwiftyBeaver_DemoUITests.xctest */;
			productType = "com.apple.product-type.bundle.ui-testing";
		};
/* End PBXNativeTarget section */

/* Begin PBXProject section */
		4B31C4751E6EBACA005685D6 /* Project object */ = {
			isa = PBXProject;
			attributes = {
				LastSwiftUpdateCheck = 0820;
				LastUpgradeCheck = 0820;
				ORGANIZATIONNAME = xiaohui;
				TargetAttributes = {
					4B31C47C1E6EBACA005685D6 = {
						CreatedOnToolsVersion = 8.2.1;
						ProvisioningStyle = Automatic;
					};
					4B31C4901E6EBACA005685D6 = {
						CreatedOnToolsVersion = 8.2.1;
						ProvisioningStyle = Automatic;
						TestTargetID = 4B31C47C1E6EBACA005685D6;
					};
					4B31C49B1E6EBACA005685D6 = {
						CreatedOnToolsVersion = 8.2.1;
						ProvisioningStyle = Automatic;
						TestTargetID = 4B31C47C1E6EBACA005685D6;
					};
				};
			};
			buildConfigurationList = 4B31C4781E6EBACA005685D6 /* Build configuration list for PBXProject "SwiftyBeaver_Demo" */;
			compatibilityVersion = "Xcode 3.2";
			developmentRegion = English;
			hasScannedForEncodings = 0;
			knownRegions = (
				en,
				Base,
			);
			mainGroup = 4B31C4741E6EBACA005685D6;
			productRefGroup = 4B31C47E1E6EBACA005685D6 /* Products */;
			projectDirPath = "";
			projectRoot = "";
			targets = (
				4B31C47C1E6EBACA005685D6 /* SwiftyBeaver_Demo */,
				4B31C4901E6EBACA005685D6 /* SwiftyBeaver_DemoTests */,
				4B31C49B1E6EBACA005685D6 /* SwiftyBeaver_DemoUITests */,
			);
		};
/* End PBXProject section */

/* Begin PBXResourcesBuildPhase section */
		4B31C47B1E6EBACA005685D6 /* Resources */ = {
			isa = PBXResourcesBuildPhase;
			buildActionMask = 2147483647;
			files = (
				4B31C48B1E6EBACA005685D6 /* LaunchScreen.storyboard in Resources */,
				4B31C4881E6EBACA005685D6 /* Assets.xcassets in Resources */,
				4B31C4861E6EBACA005685D6 /* Main.storyboard in Resources */,
			);
			runOnlyForDeploymentPostprocessing = 0;
		};
		4B31C48F1E6EBACA005685D6 /* Resources */ = {
			isa = PBXResourcesBuildPhase;
			buildActionMask = 2147483647;
			files = (
			);
			runOnlyForDeploymentPostprocessing = 0;
		};
		4B31C49A1E6EBACA005685D6 /* Resources */ = {
			isa = PBXResourcesBuildPhase;
			buildActionMask = 2147483647;
			files = (
			);
			runOnlyForDeploymentPostprocessing = 0;
		};
/* End PBXResourcesBuildPhase section */

/* Begin PBXShellScriptBuildPhase section */
		0CC3F7173B89C424E0C7E88C /* [CP] Copy Pods Resources */ = {
			isa = PBXShellScriptBuildPhase;
			buildActionMask = 2147483647;
			files = (
			);
			inputPaths = (
			);
			name = "[CP] Copy Pods Resources";
			outputPaths = (
			);
			runOnlyForDeploymentPostprocessing = 0;
			shellPath = /bin/sh;
			shellScript = "\"${SRCROOT}/Pods/Target Support Files/Pods-SwiftyBeaver_Demo/Pods-SwiftyBeaver_Demo-resources.sh\"\n";
			showEnvVarsInLog = 0;
		};
		5C5A173EFA5668FCB86BA025 /* [CP] Embed Pods Frameworks */ = {
			isa = PBXShellScriptBuildPhase;
			buildActionMask = 2147483647;
			files = (
			);
			inputPaths = (
			);
			name = "[CP] Embed Pods Frameworks";
			outputPaths = (
			);
			runOnlyForDeploymentPostprocessing = 0;
			shellPath = /bin/sh;
			shellScript = "\"${SRCROOT}/Pods/Target Support Files/Pods-SwiftyBeaver_Demo/Pods-SwiftyBeaver_Demo-frameworks.sh\"\n";
			showEnvVarsInLog = 0;
		};
		E8B144E1113CFF3D7B05612B /* [CP] Check Pods Manifest.lock */ = {
			isa = PBXShellScriptBuildPhase;
			buildActionMask = 2147483647;
			files = (
			);
			inputPaths = (
			);
			name = "[CP] Check Pods Manifest.lock";
			outputPaths = (
			);
			runOnlyForDeploymentPostprocessing = 0;
			shellPath = /bin/sh;
			shellScript = "diff \"${PODS_ROOT}/../Podfile.lock\" \"${PODS_ROOT}/Manifest.lock\" > /dev/null\nif [ $? != 0 ] ; then\n    # print error to STDERR\n    echo \"error: The sandbox is not in sync with the Podfile.lock. Run 'pod install' or update your CocoaPods installation.\" >&2\n    exit 1\nfi\n";
			showEnvVarsInLog = 0;
		};
/* End PBXShellScriptBuildPhase section */

/* Begin PBXSourcesBuildPhase section */
		4B31C4791E6EBACA005685D6 /* Sources */ = {
			isa = PBXSourcesBuildPhase;
			buildActionMask = 2147483647;
			files = (
				4B31C4831E6EBACA005685D6 /* ViewController.swift in Sources */,
				4B31C4811E6EBACA005685D6 /* AppDelegate.swift in Sources */,
			);
			runOnlyForDeploymentPostprocessing = 0;
		};
		4B31C48D1E6EBACA005685D6 /* Sources */ = {
			isa = PBXSourcesBuildPhase;
			buildActionMask = 2147483647;
			files = (
				4B31C4961E6EBACA005685D6 /* SwiftyBeaver_DemoTests.swift in Sources */,
			);
			runOnlyForDeploymentPostprocessing = 0;
		};
		4B31C4981E6EBACA005685D6 /* Sources */ = {
			isa = PBXSourcesBuildPhase;
			buildActionMask = 2147483647;
			files = (
				4B31C4A11E6EBACA005685D6 /* SwiftyBeaver_DemoUITests.swift in Sources */,
			);
			runOnlyForDeploymentPostprocessing = 0;
		};
/* End PBXSourcesBuildPhase section */

/* Begin PBXTargetDependency section */
		4B31C4931E6EBACA005685D6 /* PBXTargetDependency */ = {
			isa = PBXTargetDependency;
			target = 4B31C47C1E6EBACA005685D6 /* SwiftyBeaver_Demo */;
			targetProxy = 4B31C4921E6EBACA005685D6 /* PBXContainerItemProxy */;
		};
		4B31C49E1E6EBACA005685D6 /* PBXTargetDependency */ = {
			isa = PBXTargetDependency;
			target = 4B31C47C1E6EBACA005685D6 /* SwiftyBeaver_Demo */;
			targetProxy = 4B31C49D1E6EBACA005685D6 /* PBXContainerItemProxy */;
		};
/* End PBXTargetDependency section */

/* Begin PBXVariantGroup section */
		4B31C4841E6EBACA005685D6 /* Main.storyboard */ = {
			isa = PBXVariantGroup;
			children = (
				4B31C4851E6EBACA005685D6 /* Base */,
			);
			name = Main.storyboard;
			sourceTree = "<group>";
		};
		4B31C4891E6EBACA005685D6 /* LaunchScreen.storyboard */ = {
			isa = PBXVariantGroup;
			children = (
				4B31C48A1E6EBACA005685D6 /* Base */,
			);
			name = LaunchScreen.storyboard;
			sourceTree = "<group>";
		};
/* End PBXVariantGroup section */

/* Begin XCBuildConfiguration section */
		4B31C4A31E6EBACA005685D6 /* Debug */ = {
			isa = XCBuildConfiguration;
			buildSettings = {
				ALWAYS_SEARCH_USER_PATHS = NO;
				CLANG_ANALYZER_NONNULL = YES;
				CLANG_CXX_LANGUAGE_STANDARD = "gnu++0x";
				CLANG_CXX_LIBRARY = "libc++";
				CLANG_ENABLE_MODULES = YES;
				CLANG_ENABLE_OBJC_ARC = YES;
				CLANG_WARN_BOOL_CONVERSION = YES;
				CLANG_WARN_CONSTANT_CONVERSION = YES;
				CLANG_WARN_DIRECT_OBJC_ISA_USAGE = YES_ERROR;
				CLANG_WARN_DOCUMENTATION_COMMENTS = YES;
				CLANG_WARN_EMPTY_BODY = YES;
				CLANG_WARN_ENUM_CONVERSION = YES;
				CLANG_WARN_INFINITE_RECURSION = YES;
				CLANG_WARN_INT_CONVERSION = YES;
				CLANG_WARN_OBJC_ROOT_CLASS = YES_ERROR;
				CLANG_WARN_SUSPICIOUS_MOVE = YES;
				CLANG_WARN_UNREACHABLE_CODE = YES;
				CLANG_WARN__DUPLICATE_METHOD_MATCH = YES;
				"CODE_SIGN_IDENTITY[sdk=iphoneos*]" = "iPhone Developer";
				COPY_PHASE_STRIP = NO;
				DEBUG_INFORMATION_FORMAT = dwarf;
				ENABLE_STRICT_OBJC_MSGSEND = YES;
				ENABLE_TESTABILITY = YES;
				GCC_C_LANGUAGE_STANDARD = gnu99;
				GCC_DYNAMIC_NO_PIC = NO;
				GCC_NO_COMMON_BLOCKS = YES;
				GCC_OPTIMIZATION_LEVEL = 0;
				GCC_PREPROCESSOR_DEFINITIONS = (
					"DEBUG=1",
					"$(inherited)",
				);
				GCC_WARN_64_TO_32_BIT_CONVERSION = YES;
				GCC_WARN_ABOUT_RETURN_TYPE = YES_ERROR;
				GCC_WARN_UNDECLARED_SELECTOR = YES;
				GCC_WARN_UNINITIALIZED_AUTOS = YES_AGGRESSIVE;
				GCC_WARN_UNUSED_FUNCTION = YES;
				GCC_WARN_UNUSED_VARIABLE = YES;
				IPHONEOS_DEPLOYMENT_TARGET = 10.2;
				MTL_ENABLE_DEBUG_INFO = YES;
				ONLY_ACTIVE_ARCH = YES;
				SDKROOT = iphoneos;
				SWIFT_ACTIVE_COMPILATION_CONDITIONS = DEBUG;
				SWIFT_OPTIMIZATION_LEVEL = "-Onone";
			};
			name = Debug;
		};
		4B31C4A41E6EBACA005685D6 /* Release */ = {
			isa = XCBuildConfiguration;
			buildSettings = {
				ALWAYS_SEARCH_USER_PATHS = NO;
				CLANG_ANALYZER_NONNULL = YES;
				CLANG_CXX_LANGUAGE_STANDARD = "gnu++0x";
				CLANG_CXX_LIBRARY = "libc++";
				CLANG_ENABLE_MODULES = YES;
				CLANG_ENABLE_OBJC_ARC = YES;
				CLANG_WARN_BOOL_CONVERSION = YES;
				CLANG_WARN_CONSTANT_CONVERSION = YES;
				CLANG_WARN_DIRECT_OBJC_ISA_USAGE = YES_ERROR;
				CLANG_WARN_DOCUMENTATION_COMMENTS = YES;
				CLANG_WARN_EMPTY_BODY = YES;
				CLANG_WARN_ENUM_CONVERSION = YES;
				CLANG_WARN_INFINITE_RECURSION = YES;
				CLANG_WARN_INT_CONVERSION = YES;
				CLANG_WARN_OBJC_ROOT_CLASS = YES_ERROR;
				CLANG_WARN_SUSPICIOUS_MOVE = YES;
				CLANG_WARN_UNREACHABLE_CODE = YES;
				CLANG_WARN__DUPLICATE_METHOD_MATCH = YES;
				"CODE_SIGN_IDENTITY[sdk=iphoneos*]" = "iPhone Developer";
				COPY_PHASE_STRIP = NO;
				DEBUG_INFORMATION_FORMAT = "dwarf-with-dsym";
				ENABLE_NS_ASSERTIONS = NO;
				ENABLE_STRICT_OBJC_MSGSEND = YES;
				GCC_C_LANGUAGE_STANDARD = gnu99;
				GCC_NO_COMMON_BLOCKS = YES;
				GCC_WARN_64_TO_32_BIT_CONVERSION = YES;
				GCC_WARN_ABOUT_RETURN_TYPE = YES_ERROR;
				GCC_WARN_UNDECLARED_SELECTOR = YES;
				GCC_WARN_UNINITIALIZED_AUTOS = YES_AGGRESSIVE;
				GCC_WARN_UNUSED_FUNCTION = YES;
				GCC_WARN_UNUSED_VARIABLE = YES;
				IPHONEOS_DEPLOYMENT_TARGET = 10.2;
				MTL_ENABLE_DEBUG_INFO = NO;
				SDKROOT = iphoneos;
				SWIFT_OPTIMIZATION_LEVEL = "-Owholemodule";
				VALIDATE_PRODUCT = YES;
			};
			name = Release;
		};
		4B31C4A61E6EBACA005685D6 /* Debug */ = {
			isa = XCBuildConfiguration;
			baseConfigurationReference = 93C1BF7AA9F392ECE1482CC7 /* Pods-SwiftyBeaver_Demo.debug.xcconfig */;
			buildSettings = {
				ASSETCATALOG_COMPILER_APPICON_NAME = AppIcon;
				INFOPLIST_FILE = SwiftyBeaver_Demo/Info.plist;
				LD_RUNPATH_SEARCH_PATHS = "$(inherited) @executable_path/Frameworks";
				PRODUCT_BUNDLE_IDENTIFIER = "xxx.SwiftyBeaver-Demo";
				PRODUCT_NAME = "$(TARGET_NAME)";
				SWIFT_VERSION = 3.0;
			};
			name = Debug;
		};
		4B31C4A71E6EBACA005685D6 /* Release */ = {
			isa = XCBuildConfiguration;
			baseConfigurationReference = E9B2F3E1B424C37F44A6252F /* Pods-SwiftyBeaver_Demo.release.xcconfig */;
			buildSettings = {
				ASSETCATALOG_COMPILER_APPICON_NAME = AppIcon;
				INFOPLIST_FILE = SwiftyBeaver_Demo/Info.plist;
				LD_RUNPATH_SEARCH_PATHS = "$(inherited) @executable_path/Frameworks";
				PRODUCT_BUNDLE_IDENTIFIER = "xxx.SwiftyBeaver-Demo";
				PRODUCT_NAME = "$(TARGET_NAME)";
				SWIFT_VERSION = 3.0;
			};
			name = Release;
		};
		4B31C4A91E6EBACA005685D6 /* Debug */ = {
			isa = XCBuildConfiguration;
			buildSettings = {
				ALWAYS_EMBED_SWIFT_STANDARD_LIBRARIES = YES;
				BUNDLE_LOADER = "$(TEST_HOST)";
				INFOPLIST_FILE = SwiftyBeaver_DemoTests/Info.plist;
				LD_RUNPATH_SEARCH_PATHS = "$(inherited) @executable_path/Frameworks @loader_path/Frameworks";
				PRODUCT_BUNDLE_IDENTIFIER = "xxx.SwiftyBeaver-DemoTests";
				PRODUCT_NAME = "$(TARGET_NAME)";
				SWIFT_VERSION = 3.0;
				TEST_HOST = "$(BUILT_PRODUCTS_DIR)/SwiftyBeaver_Demo.app/SwiftyBeaver_Demo";
			};
			name = Debug;
		};
		4B31C4AA1E6EBACA005685D6 /* Release */ = {
			isa = XCBuildConfiguration;
			buildSettings = {
				ALWAYS_EMBED_SWIFT_STANDARD_LIBRARIES = YES;
				BUNDLE_LOADER = "$(TEST_HOST)";
				INFOPLIST_FILE = SwiftyBeaver_DemoTests/Info.plist;
				LD_RUNPATH_SEARCH_PATHS = "$(inherited) @executable_path/Frameworks @loader_path/Frameworks";
				PRODUCT_BUNDLE_IDENTIFIER = "xxx.SwiftyBeaver-DemoTests";
				PRODUCT_NAME = "$(TARGET_NAME)";
				SWIFT_VERSION = 3.0;
				TEST_HOST = "$(BUILT_PRODUCTS_DIR)/SwiftyBeaver_Demo.app/SwiftyBeaver_Demo";
			};
			name = Release;
		};
		4B31C4AC1E6EBACA005685D6 /* Debug */ = {
			isa = XCBuildConfiguration;
			buildSettings = {
				ALWAYS_EMBED_SWIFT_STANDARD_LIBRARIES = YES;
				INFOPLIST_FILE = SwiftyBeaver_DemoUITests/Info.plist;
				LD_RUNPATH_SEARCH_PATHS = "$(inherited) @executable_path/Frameworks @loader_path/Frameworks";
				PRODUCT_BUNDLE_IDENTIFIER = "xxx.SwiftyBeaver-DemoUITests";
				PRODUCT_NAME = "$(TARGET_NAME)";
				SWIFT_VERSION = 3.0;
				TEST_TARGET_NAME = SwiftyBeaver_Demo;
			};
			name = Debug;
		};
		4B31C4AD1E6EBACA005685D6 /* Release */ = {
			isa = XCBuildConfiguration;
			buildSettings = {
				ALWAYS_EMBED_SWIFT_STANDARD_LIBRARIES = YES;
				INFOPLIST_FILE = SwiftyBeaver_DemoUITests/Info.plist;
				LD_RUNPATH_SEARCH_PATHS = "$(inherited) @executable_path/Frameworks @loader_path/Frameworks";
				PRODUCT_BUNDLE_IDENTIFIER = "xxx.SwiftyBeaver-DemoUITests";
				PRODUCT_NAME = "$(TARGET_NAME)";
				SWIFT_VERSION = 3.0;
				TEST_TARGET_NAME = SwiftyBeaver_Demo;
			};
			name = Release;
		};
/* End XCBuildConfiguration section */

/* Begin XCConfigurationList section */
		4B31C4781E6EBACA005685D6 /* Build configuration list for PBXProject "SwiftyBeaver_Demo" */ = {
			isa = XCConfigurationList;
			buildConfigurations = (
				4B31C4A31E6EBACA005685D6 /* Debug */,
				4B31C4A41E6EBACA005685D6 /* Release */,
			);
			defaultConfigurationIsVisible = 0;
			defaultConfigurationName = Release;
		};
		4B31C4A51E6EBACA005685D6 /* Build configuration list for PBXNativeTarget "SwiftyBeaver_Demo" */ = {
			isa = XCConfigurationList;
			buildConfigurations = (
				4B31C4A61E6EBACA005685D6 /* Debug */,
				4B31C4A71E6EBACA005685D6 /* Release */,
			);
			defaultConfigurationIsVisible = 0;
			defaultConfigurationName = Release;
		};
		4B31C4A81E6EBACA005685D6 /* Build configuration list for PBXNativeTarget "SwiftyBeaver_DemoTests" */ = {
			isa = XCConfigurationList;
			buildConfigurations = (
				4B31C4A91E6EBACA005685D6 /* Debug */,
				4B31C4AA1E6EBACA005685D6 /* Release */,
			);
			defaultConfigurationIsVisible = 0;
			defaultConfigurationName = Release;
		};
		4B31C4AB1E6EBACA005685D6 /* Build configuration list for PBXNativeTarget "SwiftyBeaver_DemoUITests" */ = {
			isa = XCConfigurationList;
			buildConfigurations = (
				4B31C4AC1E6EBACA005685D6 /* Debug */,
				4B31C4AD1E6EBACA005685D6 /* Release */,
			);
			defaultConfigurationIsVisible = 0;
			defaultConfigurationName = Release;
		};
/* End XCConfigurationList section */
	};
	rootObject = 4B31C4751E6EBACA005685D6 /* Project object */;
}
